
Microsoft Visual Studio Solution File, Format Version 12.00
# Visual Studio Version 17
VisualStudioVersion = 17.0.31903.59
MinimumVisualStudioVersion = 10.0.40219.1
Project("{2150E333-8FDC-42A3-9474-1A3956D46DE8}") = "src", "src", "{859DCD0D-7025-4835-A0D7-1E3C97E17245}"
EndProject
Project("{FAE04EC0-301F-11D3-BF4B-00C04F79EFBC}") = "TireForge.Core", "src\TireForge.Core\TireForge.Core.csproj", "{9C98A91E-09D3-48A0-86DD-A23C61249A85}"
EndProject
Project("{FAE04EC0-301F-11D3-BF4B-00C04F79EFBC}") = "TireForge.Agents", "src\TireForge.Agents\TireForge.Agents.csproj", "{544B074E-08FF-479E-8E70-441665955121}"
EndProject
Project("{FAE04EC0-301F-11D3-BF4B-00C04F79EFBC}") = "TireForge.Data", "src\TireForge.Data\TireForge.Data.csproj", "{F611A6A4-CF2E-4231-BACB-C52E95170DF6}"
EndProject
Project("{FAE04EC0-301F-11D3-BF4B-00C04F79EFBC}") = "TireForge.Ingestion", "src\TireForge.Ingestion\TireForge.Ingestion.csproj", "{DDADFDF2-D3B0-4627-9128-D8330CDDB9B1}"
EndProject
Project("{FAE04EC0-301F-11D3-BF4B-00C04F79EFBC}") = "TireForge.Orchestrator", "src\TireForge.Orchestrator\TireForge.Orchestrator.csproj", "{18B339B6-B43F-473E-8A45-7E658D39EF3E}"
EndProject
Project("{FAE04EC0-301F-11D3-BF4B-00C04F79EFBC}") = "TireForge.ApiProxy", "src\TireForge.ApiProxy\TireForge.ApiProxy.csproj", "{A5BB24A8-439D-4BE3-A2D0-FE8A2535BD37}"
EndProject
Project("{2150E333-8FDC-42A3-9474-1A3956D46DE8}") = "eval", "eval", "{C1447435-58F2-42EC-993D-3B94EE64ED1F}"
EndProject
Project("{FAE04EC0-301F-11D3-BF4B-00C04F79EFBC}") = "TireForge.Eval", "eval\TireForge.Eval\TireForge.Eval.csproj", "{2FA12909-FF35-4FC2-862C-FC3D8CB17D74}"
EndProject
Project("{2150E333-8FDC-42A3-9474-1A3956D46DE8}") = "tests", "tests", "{B4E52F9D-8439-4398-82BD-6A67DF0A9851}"
EndProject
Project("{FAE04EC0-301F-11D3-BF4B-00C04F79EFBC}") = "TireForge.Core.Tests", "tests\TireForge.Core.Tests\TireForge.Core.Tests.csproj", "{77F4499E-1AF1-4CE4-A31B-5B1193B6090B}"
EndProject
Project("{FAE04EC0-301F-11D3-BF4B-00C04F79EFBC}") = "TireForge.Agents.Tests", "tests\TireForge.Agents.Tests\TireForge.Agents.Tests.csproj", "{BAA1F2C6-2661-4E69-86A2-FA19889099F2}"
EndProject
Project("{FAE04EC0-301F-11D3-BF4B-00C04F79EFBC}") = "TireForge.Data.Tests", "tests\TireForge.Data.Tests\TireForge.Data.Tests.csproj", "{7433272E-0C4A-4CBE-AF9F-A3D55F7DEC2A}"
EndProject
Global
	GlobalSection(SolutionConfigurationPlatforms) = preSolution
		Debug|Any CPU = Debug|Any CPU
		Release|Any CPU = Release|Any CPU
	EndGlobalSection
	GlobalSection(SolutionProperties) = preSolution
		HideSolutionNode = FALSE
	EndGlobalSection
	GlobalSection(ProjectConfigurationPlatforms) = postSolution
		{9C98A91E-09D3-48A0-86DD-A23C61249A85}.Debug|Any CPU.ActiveCfg = Debug|Any CPU
		{9C98A91E-09D3-48A0-86DD-A23C61249A85}.Debug|Any CPU.Build.0 = Debug|Any CPU
		{9C98A91E-09D3-48A0-86DD-A23C61249A85}.Release|Any CPU.ActiveCfg = Release|Any CPU
		{9C98A91E-09D3-48A0-86DD-A23C61249A85}.Release|Any CPU.Build.0 = Release|Any CPU
		{544B074E-08FF-479E-8E70-441665955121}.Debug|Any CPU.ActiveCfg = Debug|Any CPU
		{544B074E-08FF-479E-8E70-441665955121}.Debug|Any CPU.Build.0 = Debug|Any CPU
		{544B074E-08FF-479E-8E70-441665955121}.Release|Any CPU.ActiveCfg = Release|Any CPU
		{544B074E-08FF-479E-8E70-441665955121}.Release|Any CPU.Build.0 = Release|Any CPU
		{F611A6A4-CF2E-4231-BACB-C52E95170DF6}.Debug|Any CPU.ActiveCfg = Debug|Any CPU
		{F611A6A4-CF2E-4231-BACB-C52E95170DF6}.Debug|Any CPU.Build.0 = Debug|Any CPU
		{F611A6A4-CF2E-4231-BACB-C52E95170DF6}.Release|Any CPU.ActiveCfg = Release|Any CPU
		{F611A6A4-CF2E-4231-BACB-C52E95170DF6}.Release|Any CPU.Build.0 = Release|Any CPU
		{DDADFDF2-D3B0-4627-9128-D8330CDDB9B1}.Debug|Any CPU.ActiveCfg = Debug|Any CPU
		{DDADFDF2-D3B0-4627-9128-D8330CDDB9B1}.Debug|Any CPU.Build.0 = Debug|Any CPU
		{DDADFDF2-D3B0-4627-9128-D8330CDDB9B1}.Release|Any CPU.ActiveCfg = Release|Any CPU
		{DDADFDF2-D3B0-4627-9128-D8330CDDB9B1}.Release|Any CPU.Build.0 = Release|Any CPU
		{18B339B6-B43F-473E-8A45-7E658D39EF3E}.Debug|Any CPU.ActiveCfg = Debug|Any CPU
		{18B339B6-B43F-473E-8A45-7E658D39EF3E}.Debug|Any CPU.Build.0 = Debug|Any CPU
		{18B339B6-B43F-473E-8A45-7E658D39EF3E}.Release|Any CPU.ActiveCfg = Release|Any CPU
		{18B339B6-B43F-473E-8A45-7E658D39EF3E}.Release|Any CPU.Build.0 = Release|Any CPU
		{A5BB24A8-439D-4BE3-A2D0-FE8A2535BD37}.Debug|Any CPU.ActiveCfg = Debug|Any CPU
		{A5BB24A8-439D-4BE3-A2D0-FE8A2535BD37}.Debug|Any CPU.Build.0 = Debug|Any CPU
		{A5BB24A8-439D-4BE3-A2D0-FE8A2535BD37}.Release|Any CPU.ActiveCfg = Release|Any CPU
		{A5BB24A8-439D-4BE3-A2D0-FE8A2535BD37}.Release|Any CPU.Build.0 = Release|Any CPU
		{2FA12909-FF35-4FC2-862C-FC3D8CB17D74}.Debug|Any CPU.ActiveCfg = Debug|Any CPU
		{2FA12909-FF35-4FC2-862C-FC3D8CB17D74}.Debug|Any CPU.Build.0 = Debug|Any CPU
		{2FA12909-FF35-4FC2-862C-FC3D8CB17D74}.Release|Any CPU.ActiveCfg = Release|Any CPU
		{2FA12909-FF35-4FC2-862C-FC3D8CB17D74}.Release|Any CPU.Build.0 = Release|Any CPU
		{77F4499E-1AF1-4CE4-A31B-5B1193B6090B}.Debug|Any CPU.ActiveCfg = Debug|Any CPU
		{77F4499E-1AF1-4CE4-A31B-5B1193B6090B}.Debug|Any CPU.Build.0 = Debug|Any CPU
		{77F4499E-1AF1-4CE4-A31B-5B1193B6090B}.Release|Any CPU.ActiveCfg = Release|Any CPU
		{77F4499E-1AF1-4CE4-A31B-5B1193B6090B}.Release|Any CPU.Build.0 = Release|Any CPU
		{BAA1F2C6-2661-4E69-86A2-FA19889099F2}.Debug|Any CPU.ActiveCfg = Debug|Any CPU
		{BAA1F2C6-2661-4E69-86A2-FA19889099F2}.Debug|Any CPU.Build.0 = Debug|Any CPU
		{BAA1F2C6-2661-4E69-86A2-FA19889099F2}.Release|Any CPU.ActiveCfg = Release|Any CPU
		{BAA1F2C6-2661-4E69-86A2-FA19889099F2}.Release|Any CPU.Build.0 = Release|Any CPU
		{7433272E-0C4A-4CBE-AF9F-A3D55F7DEC2A}.Debug|Any CPU.ActiveCfg = Debug|Any CPU
		{7433272E-0C4A-4CBE-AF9F-A3D55F7DEC2A}.Debug|Any CPU.Build.0 = Debug|Any CPU
		{7433272E-0C4A-4CBE-AF9F-A3D55F7DEC2A}.Release|Any CPU.ActiveCfg = Release|Any CPU
		{7433272E-0C4A-4CBE-AF9F-A3D55F7DEC2A}.Release|Any CPU.Build.0 = Release|Any CPU
	EndGlobalSection
	GlobalSection(NestedProjects) = preSolution
		{9C98A91E-09D3-48A0-86DD-A23C61249A85} = {859DCD0D-7025-4835-A0D7-1E3C97E17245}
		{544B074E-08FF-479E-8E70-441665955121} = {859DCD0D-7025-4835-A0D7-1E3C97E17245}
		{F611A6A4-CF2E-4231-BACB-C52E95170DF6} = {859DCD0D-7025-4835-A0D7-1E3C97E17245}
		{DDADFDF2-D3B0-4627-9128-D8330CDDB9B1} = {859DCD0D-7025-4835-A0D7-1E3C97E17245}
		{18B339B6-B43F-473E-8A45-7E658D39EF3E} = {859DCD0D-7025-4835-A0D7-1E3C97E17245}
		{A5BB24A8-439D-4BE3-A2D0-FE8A2535BD37} = {859DCD0D-7025-4835-A0D7-1E3C97E17245}
		{2FA12909-FF35-4FC2-862C-FC3D8CB17D74} = {C1447435-58F2-42EC-993D-3B94EE64ED1F}
		{77F4499E-1AF1-4CE4-A31B-5B1193B6090B} = {B4E52F9D-8439-4398-82BD-6A67DF0A9851}
		{BAA1F2C6-2661-4E69-86A2-FA19889099F2} = {B4E52F9D-8439-4398-82BD-6A67DF0A9851}
		{7433272E-0C4A-4CBE-AF9F-A3D55F7DEC2A} = {B4E52F9D-8439-4398-82BD-6A67DF0A9851}
	EndGlobalSection
EndGlobal
